{
  "nodes": {
    "nixpkgs": {
      "locked": {
        "lastModified": 1789831814,
        "narHash": "sha256-Z7tsqsA76Ubje2QwNYRFRgTJtoUHdlOnB5eeNdcpK78=",
        "owner": "nixos",
        "repo": "nixpkgs",
        "rev": "4b9ee1fb40a6d68af3c7eea415048e6b62c500f8",
        "type": "github"
      },
      "original": {
        "owner": "nixos",
        "repo": "nixpkgs",
        "type": "github"
      }
    },
    "root": {
      "inputs": {
        "nixpkgs": "nixpkgs"
      }
    }
  },
  "root": "root",
  "version": 7
}
